
Microsoft Visual Studio Solution File, Format Version 12.00
# Visual Studio Version 17
VisualStudioVersion = 17.14.36212.18 d17.14
MinimumVisualStudioVersion = 10.0.40219.1
Project("{FAE04EC0-301F-11D3-BF4B-00C04F79EFBC}") = "WPF_MatrixGyakorlas", "WPF_MatrixGyakorlas\WPF_MatrixGyakorlas.csproj", "{E0D84364-85D6-4A23-8E24-6946770E4657}"
EndProject
Global
	GlobalSection(SolutionConfigurationPlatforms) = preSolution
		Debug|Any CPU = Debug|Any CPU
		Release|Any CPU = Release|Any CPU
	EndGlobalSection
	GlobalSection(ProjectConfigurationPlatforms) = postSolution
		{E0D84364-85D6-4A23-8E24-6946770E4657}.Debug|Any CPU.ActiveCfg = Debug|Any CPU
		{E0D84364-85D6-4A23-8E24-6946770E4657}.Debug|Any CPU.Build.0 = Debug|Any CPU
		{E0D84364-85D6-4A23-8E24-6946770E4657}.Release|Any CPU.ActiveCfg = Release|Any CPU
		{E0D84364-85D6-4A23-8E24-6946770E4657}.Release|Any CPU.Build.0 = Release|Any CPU
	EndGlobalSection
	GlobalSection(SolutionProperties) = preSolution
		HideSolutionNode = FALSE
	EndGlobalSection
	GlobalSection(ExtensibilityGlobals) = postSolution
		SolutionGuid = {2B7074DC-CDA8-4BC1-9A73-73F87DE12C59}
	EndGlobalSection
EndGlobal
